
Microsoft Visual Studio Solution File, Format Version 12.00
# Visual Studio Version 17
VisualStudioVersion = 17.8.34316.72
MinimumVisualStudioVersion = 10.0.40219.1
Project("{FAE04EC0-301F-11D3-BF4B-00C04F79EFBC}") = "Multi-threading", "Multi-threading\Multi-threading.csproj", "{07449507-AD96-4975-A6DC-85176ACC91D3}"
EndProject
Global
	GlobalSection(SolutionConfigurationPlatforms) = preSolution
		Debug|Any CPU = Debug|Any CPU
		Release|Any CPU = Release|Any CPU
	EndGlobalSection
	GlobalSection(ProjectConfigurationPlatforms) = postSolution
		{07449507-AD96-4975-A6DC-85176ACC91D3}.Debug|Any CPU.ActiveCfg = Debug|Any CPU
		{07449507-AD96-4975-A6DC-85176ACC91D3}.Debug|Any CPU.Build.0 = Debug|Any CPU
		{07449507-AD96-4975-A6DC-85176ACC91D3}.Release|Any CPU.ActiveCfg = Release|Any CPU
		{07449507-AD96-4975-A6DC-85176ACC91D3}.Release|Any CPU.Build.0 = Release|Any CPU
	EndGlobalSection
	GlobalSection(SolutionProperties) = preSolution
		HideSolutionNode = FALSE
	EndGlobalSection
	GlobalSection(ExtensibilityGlobals) = postSolution
		SolutionGuid = {3A8B08BC-BA3D-4876-89F3-AA70D9F57616}
	EndGlobalSection
EndGlobal
